
Microsoft Visual Studio Solution File, Format Version 12.00
Project("{FAE04EC0-301F-11D3-BF4B-00C04F79EFBC}") = "DI_DINV_IOC", "DI_DINV_IOC\DI_DINV_IOC.csproj", "{5A6F22DE-E206-444B-AF4B-C7EA345C2BE9}"
EndProject
Project("{FAE04EC0-301F-11D3-BF4B-00C04F79EFBC}") = "TripPlanner", "TripPlanner\TripPlanner.csproj", "{E6CFD973-0E62-4F42-8CFB-D6AC4EB778D6}"
EndProject
Project("{FAE04EC0-301F-11D3-BF4B-00C04F79EFBC}") = "RouteCalculator", "RouteCalculator\RouteCalculator.csproj", "{3AC5E16B-775C-4985-ABAB-DAC4483B0ED1}"
EndProject
Project("{FAE04EC0-301F-11D3-BF4B-00C04F79EFBC}") = "Contracts", "Contracts\Contracts.csproj", "{60184B38-9EF7-4754-9ACD-3E5898195FCF}"
EndProject
Global
	GlobalSection(SolutionConfigurationPlatforms) = preSolution
		Debug|Any CPU = Debug|Any CPU
		Release|Any CPU = Release|Any CPU
	EndGlobalSection
	GlobalSection(ProjectConfigurationPlatforms) = postSolution
		{5A6F22DE-E206-444B-AF4B-C7EA345C2BE9}.Debug|Any CPU.ActiveCfg = Debug|Any CPU
		{5A6F22DE-E206-444B-AF4B-C7EA345C2BE9}.Debug|Any CPU.Build.0 = Debug|Any CPU
		{5A6F22DE-E206-444B-AF4B-C7EA345C2BE9}.Release|Any CPU.ActiveCfg = Release|Any CPU
		{5A6F22DE-E206-444B-AF4B-C7EA345C2BE9}.Release|Any CPU.Build.0 = Release|Any CPU
		{E6CFD973-0E62-4F42-8CFB-D6AC4EB778D6}.Debug|Any CPU.ActiveCfg = Debug|Any CPU
		{E6CFD973-0E62-4F42-8CFB-D6AC4EB778D6}.Debug|Any CPU.Build.0 = Debug|Any CPU
		{E6CFD973-0E62-4F42-8CFB-D6AC4EB778D6}.Release|Any CPU.ActiveCfg = Release|Any CPU
		{E6CFD973-0E62-4F42-8CFB-D6AC4EB778D6}.Release|Any CPU.Build.0 = Release|Any CPU
		{3AC5E16B-775C-4985-ABAB-DAC4483B0ED1}.Debug|Any CPU.ActiveCfg = Debug|Any CPU
		{3AC5E16B-775C-4985-ABAB-DAC4483B0ED1}.Debug|Any CPU.Build.0 = Debug|Any CPU
		{3AC5E16B-775C-4985-ABAB-DAC4483B0ED1}.Release|Any CPU.ActiveCfg = Release|Any CPU
		{3AC5E16B-775C-4985-ABAB-DAC4483B0ED1}.Release|Any CPU.Build.0 = Release|Any CPU
		{60184B38-9EF7-4754-9ACD-3E5898195FCF}.Debug|Any CPU.ActiveCfg = Debug|Any CPU
		{60184B38-9EF7-4754-9ACD-3E5898195FCF}.Debug|Any CPU.Build.0 = Debug|Any CPU
		{60184B38-9EF7-4754-9ACD-3E5898195FCF}.Release|Any CPU.ActiveCfg = Release|Any CPU
		{60184B38-9EF7-4754-9ACD-3E5898195FCF}.Release|Any CPU.Build.0 = Release|Any CPU
	EndGlobalSection
EndGlobal
